
Microsoft Visual Studio Solution File, Format Version 12.00
# Visual Studio Version 17
VisualStudioVersion = 17.7.34221.43
MinimumVisualStudioVersion = 10.0.40219.1
Project("{FAE04EC0-301F-11D3-BF4B-00C04F79EFBC}") = "FunctionAppAOAI", "FunctionAppAOAI\FunctionAppAOAI.csproj", "{6E8B9141-2DD1-4BBB-A305-F8F148C3E71A}"
EndProject
Global
	GlobalSection(SolutionConfigurationPlatforms) = preSolution
		Debug|Any CPU = Debug|Any CPU
		Release|Any CPU = Release|Any CPU
	EndGlobalSection
	GlobalSection(ProjectConfigurationPlatforms) = postSolution
		{6E8B9141-2DD1-4BBB-A305-F8F148C3E71A}.Debug|Any CPU.ActiveCfg = Debug|Any CPU
		{6E8B9141-2DD1-4BBB-A305-F8F148C3E71A}.Debug|Any CPU.Build.0 = Debug|Any CPU
		{6E8B9141-2DD1-4BBB-A305-F8F148C3E71A}.Release|Any CPU.ActiveCfg = Release|Any CPU
		{6E8B9141-2DD1-4BBB-A305-F8F148C3E71A}.Release|Any CPU.Build.0 = Release|Any CPU
	EndGlobalSection
	GlobalSection(SolutionProperties) = preSolution
		HideSolutionNode = FALSE
	EndGlobalSection
	GlobalSection(ExtensibilityGlobals) = postSolution
		SolutionGuid = {0B0441B4-901D-487F-8A1A-5BB5B4D808F4}
	EndGlobalSection
EndGlobal
